
Microsoft Visual Studio Solution File, Format Version 12.00
# Visual Studio Version 17
VisualStudioVersion = 17.9.34728.123
MinimumVisualStudioVersion = 10.0.40219.1
Project("{FAE04EC0-301F-11D3-BF4B-00C04F79EFBC}") = "Server", "GameNetwork\Server.csproj", "{F1A03789-0F74-48BE-B836-C113270B4116}"
EndProject
Project("{FAE04EC0-301F-11D3-BF4B-00C04F79EFBC}") = "ServerCore", "ServerCore\ServerCore.csproj", "{0E0F0028-1240-4341-8922-6E923904E31F}"
EndProject
Global
	GlobalSection(SolutionConfigurationPlatforms) = preSolution
		Debug|Any CPU = Debug|Any CPU
		Release|Any CPU = Release|Any CPU
	EndGlobalSection
	GlobalSection(ProjectConfigurationPlatforms) = postSolution
		{F1A03789-0F74-48BE-B836-C113270B4116}.Debug|Any CPU.ActiveCfg = Debug|Any CPU
		{F1A03789-0F74-48BE-B836-C113270B4116}.Debug|Any CPU.Build.0 = Debug|Any CPU
		{F1A03789-0F74-48BE-B836-C113270B4116}.Release|Any CPU.ActiveCfg = Release|Any CPU
		{F1A03789-0F74-48BE-B836-C113270B4116}.Release|Any CPU.Build.0 = Release|Any CPU
		{0E0F0028-1240-4341-8922-6E923904E31F}.Debug|Any CPU.ActiveCfg = Debug|Any CPU
		{0E0F0028-1240-4341-8922-6E923904E31F}.Debug|Any CPU.Build.0 = Debug|Any CPU
		{0E0F0028-1240-4341-8922-6E923904E31F}.Release|Any CPU.ActiveCfg = Release|Any CPU
		{0E0F0028-1240-4341-8922-6E923904E31F}.Release|Any CPU.Build.0 = Release|Any CPU
	EndGlobalSection
	GlobalSection(SolutionProperties) = preSolution
		HideSolutionNode = FALSE
	EndGlobalSection
	GlobalSection(ExtensibilityGlobals) = postSolution
		SolutionGuid = {7B63A77B-F535-464B-8DD7-129B3FE1FBD3}
	EndGlobalSection
EndGlobal
